<?xml version="1.0" encoding="utf-8"?>
<Project ToolsVersion="4.0" xmlns="http://schemas.microsoft.com/developer/msbuild/2003">
  <ItemGroup>
    <Filter Include="ソース ファイル">
      <UniqueIdentifier>{4FC737F1-C7A5-4376-A066-2A32D752A2FF}</UniqueIdentifier>
      <Extensions>cpp;c;cc;cxx;c++;cppm;ixx;def;odl;idl;hpj;bat;asm;asmx</Extensions>
    </Filter>
    <Filter Include="ヘッダー ファイル">
      <UniqueIdentifier>{93995380-89BD-4b04-88EB-625FBE52EBFB}</UniqueIdentifier>
      <Extensions>h;hh;hpp;hxx;h++;hm;inl;inc;ipp;xsd</Extensions>
    </Filter>
    <Filter Include="リソース ファイル">
      <UniqueIdentifier>{67DA6AB6-F800-4c08-8B7A-83BB121AAD01}</UniqueIdentifier>
      <Extensions>rc;ico;cur;bmp;dlg;rc2;rct;bin;rgs;gif;jpg;jpeg;jpe;resx;tiff;tif;png;wav;mfcribbon-ms</Extensions>
    </Filter>
    <Filter Include="imgui">
      <UniqueIdentifier>{6e41dd77-4b05-40a2-b5a3-50e727ff9602}</UniqueIdentifier>
    </Filter>
    <Filter Include="HLSL">
      <UniqueIdentifier>{83860ce2-5018-4588-98ec-ebd6d328dff9}</UniqueIdentifier>
    </Filter>
    <Filter Include="ソース ファイル\Framework">
      <UniqueIdentifier>{671ad191-794e-4fb8-8868-6b4e8da5c991}</UniqueIdentifier>
    </Filter>
    <Filter Include="ソース ファイル\App">
      <UniqueIdentifier>{c501f754-6b5d-4532-aae6-931815159da5}</UniqueIdentifier>
    </Filter>
    <Filter Include="ヘッダー ファイル\Framework">
      <UniqueIdentifier>{25401e24-71e6-47cf-b224-2c98df8bbdf7}</UniqueIdentifier>
    </Filter>
    <Filter Include="ヘッダー ファイル\App">
      <UniqueIdentifier>{c80f6a00-04e9-42d7-a30e-88ea4de8992d}</UniqueIdentifier>
    </Filter>
  </ItemGroup>
  <ItemGroup>
    <ClInclude Include="Library\imgui\imconfig.h">
      <Filter>imgui</Filter>
    </ClInclude>
    <ClInclude Include="Library\imgui\imgui.h">
      <Filter>imgui</Filter>
    </ClInclude>
    <ClInclude Include="Library\imgui\imgui_impl_dx11.h">
      <Filter>imgui</Filter>
    </ClInclude>
    <ClInclude Include="Library\imgui\imgui_impl_win32.h">
      <Filter>imgui</Filter>
    </ClInclude>
    <ClInclude Include="Library\imgui\imgui_internal.h">
      <Filter>imgui</Filter>
    </ClInclude>
    <ClInclude Include="Library\imgui\imstb_rectpack.h">
      <Filter>imgui</Filter>
    </ClInclude>
    <ClInclude Include="Library\imgui\imstb_textedit.h">
      <Filter>imgui</Filter>
    </ClInclude>
    <ClInclude Include="Library\imgui\imstb_truetype.h">
      <Filter>imgui</Filter>
    </ClInclude>
    <ClInclude Include="Framework\sprite_batch.h">
      <Filter>ヘッダー ファイル\Framework</Filter>
    </ClInclude>
    <ClInclude Include="Framework\texture.h">
      <Filter>ヘッダー ファイル\Framework</Filter>
    </ClInclude>
    <ClInclude Include="Framework\Audio.h">
      <Filter>ヘッダー ファイル\Framework</Filter>
    </ClInclude>
    <ClInclude Include="Framework\AudioResource.h">
      <Filter>ヘッダー ファイル\Framework</Filter>
    </ClInclude>
    <ClInclude Include="Framework\AudioSource.h">
      <Filter>ヘッダー ファイル\Framework</Filter>
    </ClInclude>
    <ClInclude Include="Framework\billboard.h">
      <Filter>ヘッダー ファイル\Framework</Filter>
    </ClInclude>
    <ClInclude Include="Framework\camera.h">
      <Filter>ヘッダー ファイル\Framework</Filter>
    </ClInclude>
    <ClInclude Include="Framework\character.h">
      <Filter>ヘッダー ファイル\Framework</Filter>
    </ClInclude>
    <ClInclude Include="Framework\collision.h">
      <Filter>ヘッダー ファイル\Framework</Filter>
    </ClInclude>
    <ClInclude Include="Framework\DebugRenderer.h">
      <Filter>ヘッダー ファイル\Framework</Filter>
    </ClInclude>
    <ClInclude Include="Framework\Effect.h">
      <Filter>ヘッダー ファイル\Framework</Filter>
    </ClInclude>
    <ClInclude Include="Framework\EffectManager.h">
      <Filter>ヘッダー ファイル\Framework</Filter>
    </ClInclude>
    <ClInclude Include="Framework\Font.h">
      <Filter>ヘッダー ファイル\Framework</Filter>
    </ClInclude>
    <ClInclude Include="Framework\framework.h">
      <Filter>ヘッダー ファイル\Framework</Filter>
    </ClInclude>
    <ClInclude Include="Framework\game_object.h">
      <Filter>ヘッダー ファイル\Framework</Filter>
    </ClInclude>
    <ClInclude Include="Framework\GamePad.h">
      <Filter>ヘッダー ファイル\Framework</Filter>
    </ClInclude>
    <ClInclude Include="Framework\geometric_primitive.h">
      <Filter>ヘッダー ファイル\Framework</Filter>
    </ClInclude>
    <ClInclude Include="Framework\high_resolution_timer.h">
      <Filter>ヘッダー ファイル\Framework</Filter>
    </ClInclude>
    <ClInclude Include="Framework\Input.h">
      <Filter>ヘッダー ファイル\Framework</Filter>
    </ClInclude>
    <ClInclude Include="Framework\Logger.h">
      <Filter>ヘッダー ファイル\Framework</Filter>
    </ClInclude>
    <ClInclude Include="Framework\misc.h">
      <Filter>ヘッダー ファイル\Framework</Filter>
    </ClInclude>
    <ClInclude Include="Framework\model.h">
      <Filter>ヘッダー ファイル\Framework</Filter>
    </ClInclude>
    <ClInclude Include="Framework\modelManager.h">
      <Filter>ヘッダー ファイル\Framework</Filter>
    </ClInclude>
    <ClInclude Include="Framework\Mouse.h">
      <Filter>ヘッダー ファイル\Framework</Filter>
    </ClInclude>
    <ClInclude Include="Framework\particle.h">
      <Filter>ヘッダー ファイル\Framework</Filter>
    </ClInclude>
    <ClInclude Include="Framework\physic.h">
      <Filter>ヘッダー ファイル\Framework</Filter>
    </ClInclude>
    <ClInclude Include="Framework\render.h">
      <Filter>ヘッダー ファイル\Framework</Filter>
    </ClInclude>
    <ClInclude Include="Framework\scene.h">
      <Filter>ヘッダー ファイル\Framework</Filter>
    </ClInclude>
    <ClInclude Include="Framework\sceneManager.h">
      <Filter>ヘッダー ファイル\Framework</Filter>
    </ClInclude>
    <ClInclude Include="Framework\shader.h">
      <Filter>ヘッダー ファイル\Framework</Filter>
    </ClInclude>
    <ClInclude Include="Framework\sprite.h">
      <Filter>ヘッダー ファイル\Framework</Filter>
    </ClInclude>
    <ClInclude Include="App\enemy.h">
      <Filter>ヘッダー ファイル\App</Filter>
    </ClInclude>
    <ClInclude Include="App\fire.h">
      <Filter>ヘッダー ファイル\App</Filter>
    </ClInclude>
    <ClInclude Include="App\fountain.h">
      <Filter>ヘッダー ファイル\App</Filter>
    </ClInclude>
    <ClInclude Include="App\player.h">
      <Filter>ヘッダー ファイル\App</Filter>
    </ClInclude>
    <ClInclude Include="App\rain.h">
      <Filter>ヘッダー ファイル\App</Filter>
    </ClInclude>
    <ClInclude Include="App\sceneGame.h">
      <Filter>ヘッダー ファイル\App</Filter>
    </ClInclude>
    <ClInclude Include="App\sceneLoading.h">
      <Filter>ヘッダー ファイル\App</Filter>
    </ClInclude>
    <ClInclude Include="App\sceneLogo.h">
      <Filter>ヘッダー ファイル\App</Filter>
    </ClInclude>
    <ClInclude Include="App\sceneTitle.h">
      <Filter>ヘッダー ファイル\App</Filter>
    </ClInclude>
    <ClInclude Include="App\snowball.h">
      <Filter>ヘッダー ファイル\App</Filter>
    </ClInclude>
    <ClInclude Include="Framework\light.h">
      <Filter>ヘッダー ファイル\Framework</Filter>
    </ClInclude>
    <ClInclude Include="Framework\stage.h">
      <Filter>ヘッダー ファイル\Framework</Filter>
    </ClInclude>
  </ItemGroup>
  <ItemGroup>
    <ClCompile Include="Library\imgui\imgui.cpp">
      <Filter>imgui</Filter>
    </ClCompile>
    <ClCompile Include="Library\imgui\imgui_draw.cpp">
      <Filter>imgui</Filter>
    </ClCompile>
    <ClCompile Include="Library\imgui\imgui_impl_dx11.cpp">
      <Filter>imgui</Filter>
    </ClCompile>
    <ClCompile Include="Library\imgui\imgui_impl_win32.cpp">
      <Filter>imgui</Filter>
    </ClCompile>
    <ClCompile Include="Library\imgui\imgui_ja_gryph_ranges.cpp">
      <Filter>imgui</Filter>
    </ClCompile>
    <ClCompile Include="Library\imgui\imgui_widgets.cpp">
      <Filter>imgui</Filter>
    </ClCompile>
    <ClCompile Include="Framework\sprite_batch.cpp">
      <Filter>ソース ファイル\Framework</Filter>
    </ClCompile>
    <ClCompile Include="Framework\texture.cpp">
      <Filter>ソース ファイル\Framework</Filter>
    </ClCompile>
    <ClCompile Include="Framework\Audio.cpp">
      <Filter>ソース ファイル\Framework</Filter>
    </ClCompile>
    <ClCompile Include="Framework\AudioResource.cpp">
      <Filter>ソース ファイル\Framework</Filter>
    </ClCompile>
    <ClCompile Include="Framework\AudioSource.cpp">
      <Filter>ソース ファイル\Framework</Filter>
    </ClCompile>
    <ClCompile Include="Framework\billboard.cpp">
      <Filter>ソース ファイル\Framework</Filter>
    </ClCompile>
    <ClCompile Include="Framework\camera.cpp">
      <Filter>ソース ファイル\Framework</Filter>
    </ClCompile>
    <ClCompile Include="Framework\character.cpp">
      <Filter>ソース ファイル\Framework</Filter>
    </ClCompile>
    <ClCompile Include="Framework\collision.cpp">
      <Filter>ソース ファイル\Framework</Filter>
    </ClCompile>
    <ClCompile Include="Framework\DebugRenderer.cpp">
      <Filter>ソース ファイル\Framework</Filter>
    </ClCompile>
    <ClCompile Include="Framework\Effect.cpp">
      <Filter>ソース ファイル\Framework</Filter>
    </ClCompile>
    <ClCompile Include="Framework\EffectManager.cpp">
      <Filter>ソース ファイル\Framework</Filter>
    </ClCompile>
    <ClCompile Include="Framework\Font.cpp">
      <Filter>ソース ファイル\Framework</Filter>
    </ClCompile>
    <ClCompile Include="Framework\framework.cpp">
      <Filter>ソース ファイル\Framework</Filter>
    </ClCompile>
    <ClCompile Include="Framework\game_object.cpp">
      <Filter>ソース ファイル\Framework</Filter>
    </ClCompile>
    <ClCompile Include="Framework\GamePad.cpp">
      <Filter>ソース ファイル\Framework</Filter>
    </ClCompile>
    <ClCompile Include="Framework\geometric_primitive.cpp">
      <Filter>ソース ファイル\Framework</Filter>
    </ClCompile>
    <ClCompile Include="Framework\Input.cpp">
      <Filter>ソース ファイル\Framework</Filter>
    </ClCompile>
    <ClCompile Include="Framework\Logger.cpp">
      <Filter>ソース ファイル\Framework</Filter>
    </ClCompile>
    <ClCompile Include="Framework\main.cpp">
      <Filter>ソース ファイル\Framework</Filter>
    </ClCompile>
    <ClCompile Include="Framework\model.cpp">
      <Filter>ソース ファイル\Framework</Filter>
    </ClCompile>
    <ClCompile Include="Framework\modelManager.cpp">
      <Filter>ソース ファイル\Framework</Filter>
    </ClCompile>
    <ClCompile Include="Framework\Mouse.cpp">
      <Filter>ソース ファイル\Framework</Filter>
    </ClCompile>
    <ClCompile Include="Framework\particle.cpp">
      <Filter>ソース ファイル\Framework</Filter>
    </ClCompile>
    <ClCompile Include="Framework\physic.cpp">
      <Filter>ソース ファイル\Framework</Filter>
    </ClCompile>
    <ClCompile Include="Framework\render.cpp">
      <Filter>ソース ファイル\Framework</Filter>
    </ClCompile>
    <ClCompile Include="Framework\sceneManager.cpp">
      <Filter>ソース ファイル\Framework</Filter>
    </ClCompile>
    <ClCompile Include="Framework\shader.cpp">
      <Filter>ソース ファイル\Framework</Filter>
    </ClCompile>
    <ClCompile Include="Framework\sprite.cpp">
      <Filter>ソース ファイル\Framework</Filter>
    </ClCompile>
    <ClCompile Include="App\enemy.cpp">
      <Filter>ソース ファイル\App</Filter>
    </ClCompile>
    <ClCompile Include="App\fire.cpp">
      <Filter>ソース ファイル\App</Filter>
    </ClCompile>
    <ClCompile Include="App\fountain.cpp">
      <Filter>ソース ファイル\App</Filter>
    </ClCompile>
    <ClCompile Include="App\player.cpp">
      <Filter>ソース ファイル\App</Filter>
    </ClCompile>
    <ClCompile Include="App\rain.cpp">
      <Filter>ソース ファイル\App</Filter>
    </ClCompile>
    <ClCompile Include="App\sceneGame.cpp">
      <Filter>ソース ファイル\App</Filter>
    </ClCompile>
    <ClCompile Include="App\sceneLoading.cpp">
      <Filter>ソース ファイル\App</Filter>
    </ClCompile>
    <ClCompile Include="App\sceneLogo.cpp">
      <Filter>ソース ファイル\App</Filter>
    </ClCompile>
    <ClCompile Include="App\sceneTitle.cpp">
      <Filter>ソース ファイル\App</Filter>
    </ClCompile>
    <ClCompile Include="App\snowball.cpp">
      <Filter>ソース ファイル\App</Filter>
    </ClCompile>
    <ClCompile Include="Framework\light.cpp">
      <Filter>ソース ファイル\Framework</Filter>
    </ClCompile>
    <ClCompile Include="Framework\stage.cpp">
      <Filter>ソース ファイル\Framework</Filter>
    </ClCompile>
  </ItemGroup>
  <ItemGroup>
    <None Include="HLSL\Debug.hlsli">
      <Filter>HLSL</Filter>
    </None>
    <None Include="HLSL\Font.hlsli">
      <Filter>HLSL</Filter>
    </None>
    <None Include="HLSL\geometric_primitive.hlsli">
      <Filter>HLSL</Filter>
    </None>
    <None Include="HLSL\instancingBillboard.hlsli">
      <Filter>HLSL</Filter>
    </None>
    <None Include="HLSL\MatrixOperation.hlsli">
      <Filter>HLSL</Filter>
    </None>
    <None Include="HLSL\particle.hlsli">
      <Filter>HLSL</Filter>
    </None>
    <None Include="HLSL\skinned_mesh.hlsli">
      <Filter>HLSL</Filter>
    </None>
    <None Include="HLSL\sprite.hlsli">
      <Filter>HLSL</Filter>
    </None>
    <None Include="HLSL\static_mesh.hlsli">
      <Filter>HLSL</Filter>
    </None>
    <None Include="HLSL\bbox.hlsli">
      <Filter>HLSL</Filter>
    </None>
    <None Include="HLSL\Billboard.hlsli">
      <Filter>HLSL</Filter>
    </None>
  </ItemGroup>
  <ItemGroup>
    <FxCompile Include="HLSL\DebugPS.hlsl">
      <Filter>HLSL</Filter>
    </FxCompile>
    <FxCompile Include="HLSL\DebugVS.hlsl">
      <Filter>HLSL</Filter>
    </FxCompile>
    <FxCompile Include="HLSL\Font_PS.hlsl">
      <Filter>HLSL</Filter>
    </FxCompile>
    <FxCompile Include="HLSL\Font_VS.hlsl">
      <Filter>HLSL</Filter>
    </FxCompile>
    <FxCompile Include="HLSL\geometric_primitive_ps.hlsl">
      <Filter>HLSL</Filter>
    </FxCompile>
    <FxCompile Include="HLSL\geometric_primitive_vs.hlsl">
      <Filter>HLSL</Filter>
    </FxCompile>
    <FxCompile Include="HLSL\instancingBillboard_ps.hlsl">
      <Filter>HLSL</Filter>
    </FxCompile>
    <FxCompile Include="HLSL\instancingBillboard_vs.hlsl">
      <Filter>HLSL</Filter>
    </FxCompile>
    <FxCompile Include="HLSL\particle_ps.hlsl">
      <Filter>HLSL</Filter>
    </FxCompile>
    <FxCompile Include="HLSL\particle_vs.hlsl">
      <Filter>HLSL</Filter>
    </FxCompile>
    <FxCompile Include="HLSL\skinned_mesh_ps.hlsl">
      <Filter>HLSL</Filter>
    </FxCompile>
    <FxCompile Include="HLSL\skinned_mesh_vs.hlsl">
      <Filter>HLSL</Filter>
    </FxCompile>
    <FxCompile Include="HLSL\sprite_ps.hlsl">
      <Filter>HLSL</Filter>
    </FxCompile>
    <FxCompile Include="HLSL\sprite_vs.hlsl">
      <Filter>HLSL</Filter>
    </FxCompile>
    <FxCompile Include="HLSL\static_mesh_ps.hlsl">
      <Filter>HLSL</Filter>
    </FxCompile>
    <FxCompile Include="HLSL\static_mesh_vs.hlsl">
      <Filter>HLSL</Filter>
    </FxCompile>
    <FxCompile Include="HLSL\bbox_ps.hlsl">
      <Filter>HLSL</Filter>
    </FxCompile>
    <FxCompile Include="HLSL\bbox_vs.hlsl">
      <Filter>HLSL</Filter>
    </FxCompile>
    <FxCompile Include="HLSL\Billboard_ps.hlsl">
      <Filter>HLSL</Filter>
    </FxCompile>
    <FxCompile Include="HLSL\Billboard_vs.hlsl">
      <Filter>HLSL</Filter>
    </FxCompile>
  </ItemGroup>
</Project>